<?xml version="1.0" encoding="utf-8"?>
<Project ToolsVersion="4.0" xmlns="http://schemas.microsoft.com/developer/msbuild/2003">
  <ItemGroup>
    <None Include="GstOFTVG.def" />
  </ItemGroup>
  <ItemGroup>
    <Filter Include="Source Files">
      <UniqueIdentifier>{24452086-50de-485d-926e-4226d8738fe1}</UniqueIdentifier>
    </Filter>
    <Filter Include="Header Files">
      <UniqueIdentifier>{04165152-2e30-41d9-aa0c-696a840cc9c5}</UniqueIdentifier>
    </Filter>
  </ItemGroup>
  <ItemGroup>
    <ClCompile Include="gstoftvg.cc">
      <Filter>Source Files</Filter>
    </ClCompile>
    <ClCompile Include="gstoftvg_pixbuf.cc">
      <Filter>Source Files</Filter>
    </ClCompile>
  </ItemGroup>
  <ItemGroup>
    <ClInclude Include="timemeasure.h">
      <Filter>Header Files</Filter>
    </ClInclude>
    <ClInclude Include="gstoftvg_pixbuf.hh">
      <Filter>Header Files</Filter>
    </ClInclude>
    <ClInclude Include="gstoftvg.hh">
      <Filter>Header Files</Filter>
    </ClInclude>
  </ItemGroup>
</Project>